{
  "lockfileVersion": 1,
  "configVersion": 1,
  "workspaces": {
    "": {
      "name": "codeviz",
      "dependencies": {
        "tree-sitter-wasms": "0.1.13",
        "web-tree-sitter": "0.24.7",
      },
      "devDependencies": {
        "@types/node": "^20.0.0",
        "playwright": "1.63.0",
        "typescript": "^5.6.0",
      },
    },
    "packages/analyzers": {
      "name": "@codeviz/analyzers",
      "version": "0.0.0",
      "dependencies": {
        "@codeviz/core": "workspace:*",
        "tree-sitter-wasms": "0.1.13",
        "web-tree-sitter": "0.24.7",
      },
    },
    "packages/cli": {
      "name": "@codeviz/cli",
      "version": "0.0.0",
      "dependencies": {
        "@codeviz/analyzers": "workspace:*",
        "@codeviz/core": "workspace:*",
      },
    },
    "packages/core": {
      "name": "@codeviz/core",
      "version": "0.0.0",
    },
    "packages/web": {
      "name": "@codeviz/web",
      "version": "0.0.0",
      "dependencies": {
        "@codeviz/core": "workspace:*",
        "cytoscape": "^3.34.3",
        "cytoscape-fcose": "^2.2.0",
        "d3-hierarchy": "^3.1.2",
        "d3-scale": "^4.0.2",
        "d3-scale-chromatic": "^3.1.0",
      },
      "devDependencies": {
        "@types/d3-hierarchy": "^3.1.7",
        "@types/d3-scale": "^4.0.9",
        "@types/d3-scale-chromatic": "^3.1.0",
        "typescript": "^5.6.0",
        "vite": "^5.4.0",
      },
    },
  },
  "packages": {
    "@codeviz/analyzers": ["@codeviz/analyzers@workspace:packages/analyzers"],

    "@codeviz/cli": ["@codeviz/cli@workspace:packages/cli"],

    "@codeviz/core": ["@codeviz/core@workspace:packages/core"],

    "@codeviz/web": ["@codeviz/web@workspace:packages/web"],

    "@esbuild/aix-ppc64": ["@esbuild/aix-ppc64@0.21.5", "", { "os": "aix", "cpu": "ppc64" }, "sha512-1SDgH6ZSPTlggy1yI6+Dbkiz8xzpHJEVAlF/AM1tHPLsf5STom9rwtjE4hKAF20FfXXNTFqEYXyJNWh1GiZedQ=="],

    "@esbuild/android-arm": ["@esbuild/android-arm@0.21.5", "", { "os": "android", "cpu": "arm" }, "sha512-vCPvzSjpPHEi1siZdlvAlsPxXl7WbOVUBBAowWug4rJHb68Ox8KualB+1ocNvT5fjv6wpkX6o/iEpbDrf68zcg=="],

    "@esbuild/android-arm64": ["@esbuild/android-arm64@0.21.5", "", { "os": "android", "cpu": "arm64" }, "sha512-c0uX9VAUBQ7dTDCjq+wdyGLowMdtR/GoC2U5IYk/7D1H1JYC0qseD7+11iMP2mRLN9RcCMRcjC4YMclCzGwS/A=="],

    "@esbuild/android-x64": ["@esbuild/android-x64@0.21.5", "", { "os": "android", "cpu": "x64" }, "sha512-D7aPRUUNHRBwHxzxRvp856rjUHRFW1SdQATKXH2hqA0kAZb1hKmi02OpYRacl0TxIGz/ZmXWlbZgjwWYaCakTA=="],

    "@esbuild/darwin-arm64": ["@esbuild/darwin-arm64@0.21.5", "", { "os": "darwin", "cpu": "arm64" }, "sha512-DwqXqZyuk5AiWWf3UfLiRDJ5EDd49zg6O9wclZ7kUMv2WRFr4HKjXp/5t8JZ11QbQfUS6/cRCKGwYhtNAY88kQ=="],

    "@esbuild/darwin-x64": ["@esbuild/darwin-x64@0.21.5", "", { "os": "darwin", "cpu": "x64" }, "sha512-se/JjF8NlmKVG4kNIuyWMV/22ZaerB+qaSi5MdrXtd6R08kvs2qCN4C09miupktDitvh8jRFflwGFBQcxZRjbw=="],

    "@esbuild/freebsd-arm64": ["@esbuild/freebsd-arm64@0.21.5", "", { "os": "freebsd", "cpu": "arm64" }, "sha512-5JcRxxRDUJLX8JXp/wcBCy3pENnCgBR9bN6JsY4OmhfUtIHe3ZW0mawA7+RDAcMLrMIZaf03NlQiX9DGyB8h4g=="],

    "@esbuild/freebsd-x64": ["@esbuild/freebsd-x64@0.21.5", "", { "os": "freebsd", "cpu": "x64" }, "sha512-J95kNBj1zkbMXtHVH29bBriQygMXqoVQOQYA+ISs0/2l3T9/kj42ow2mpqerRBxDJnmkUDCaQT/dfNXWX/ZZCQ=="],

    "@esbuild/linux-arm": ["@esbuild/linux-arm@0.21.5", "", { "os": "linux", "cpu": "arm" }, "sha512-bPb5AHZtbeNGjCKVZ9UGqGwo8EUu4cLq68E95A53KlxAPRmUyYv2D6F0uUI65XisGOL1hBP5mTronbgo+0bFcA=="],

    "@esbuild/linux-arm64": ["@esbuild/linux-arm64@0.21.5", "", { "os": "linux", "cpu": "arm64" }, "sha512-ibKvmyYzKsBeX8d8I7MH/TMfWDXBF3db4qM6sy+7re0YXya+K1cem3on9XgdT2EQGMu4hQyZhan7TeQ8XkGp4Q=="],

    "@esbuild/linux-ia32": ["@esbuild/linux-ia32@0.21.5", "", { "os": "linux", "cpu": "ia32" }, "sha512-YvjXDqLRqPDl2dvRODYmmhz4rPeVKYvppfGYKSNGdyZkA01046pLWyRKKI3ax8fbJoK5QbxblURkwK/MWY18Tg=="],

    "@esbuild/linux-loong64": ["@esbuild/linux-loong64@0.21.5", "", { "os": "linux", "cpu": "none" }, "sha512-uHf1BmMG8qEvzdrzAqg2SIG/02+4/DHB6a9Kbya0XDvwDEKCoC8ZRWI5JJvNdUjtciBGFQ5PuBlpEOXQj+JQSg=="],

    "@esbuild/linux-mips64el": ["@esbuild/linux-mips64el@0.21.5", "", { "os": "linux", "cpu": "none" }, "sha512-IajOmO+KJK23bj52dFSNCMsz1QP1DqM6cwLUv3W1QwyxkyIWecfafnI555fvSGqEKwjMXVLokcV5ygHW5b3Jbg=="],

    "@esbuild/linux-ppc64": ["@esbuild/linux-ppc64@0.21.5", "", { "os": "linux", "cpu": "ppc64" }, "sha512-1hHV/Z4OEfMwpLO8rp7CvlhBDnjsC3CttJXIhBi+5Aj5r+MBvy4egg7wCbe//hSsT+RvDAG7s81tAvpL2XAE4w=="],

    "@esbuild/linux-riscv64": ["@esbuild/linux-riscv64@0.21.5", "", { "os": "linux", "cpu": "none" }, "sha512-2HdXDMd9GMgTGrPWnJzP2ALSokE/0O5HhTUvWIbD3YdjME8JwvSCnNGBnTThKGEB91OZhzrJ4qIIxk/SBmyDDA=="],

    "@esbuild/linux-s390x": ["@esbuild/linux-s390x@0.21.5", "", { "os": "linux", "cpu": "s390x" }, "sha512-zus5sxzqBJD3eXxwvjN1yQkRepANgxE9lgOW2qLnmr8ikMTphkjgXu1HR01K4FJg8h1kEEDAqDcZQtbrRnB41A=="],

    "@esbuild/linux-x64": ["@esbuild/linux-x64@0.21.5", "", { "os": "linux", "cpu": "x64" }, "sha512-1rYdTpyv03iycF1+BhzrzQJCdOuAOtaqHTWJZCWvijKD2N5Xu0TtVC8/+1faWqcP9iBCWOmjmhoH94dH82BxPQ=="],

    "@esbuild/netbsd-x64": ["@esbuild/netbsd-x64@0.21.5", "", { "os": "none", "cpu": "x64" }, "sha512-Woi2MXzXjMULccIwMnLciyZH4nCIMpWQAs049KEeMvOcNADVxo0UBIQPfSmxB3CWKedngg7sWZdLvLczpe0tLg=="],

    "@esbuild/openbsd-x64": ["@esbuild/openbsd-x64@0.21.5", "", { "os": "openbsd", "cpu": "x64" }, "sha512-HLNNw99xsvx12lFBUwoT8EVCsSvRNDVxNpjZ7bPn947b8gJPzeHWyNVhFsaerc0n3TsbOINvRP2byTZ5LKezow=="],

    "@esbuild/sunos-x64": ["@esbuild/sunos-x64@0.21.5", "", { "os": "sunos", "cpu": "x64" }, "sha512-6+gjmFpfy0BHU5Tpptkuh8+uw3mnrvgs+dSPQXQOv3ekbordwnzTVEb4qnIvQcYXq6gzkyTnoZ9dZG+D4garKg=="],

    "@esbuild/win32-arm64": ["@esbuild/win32-arm64@0.21.5", "", { "os": "win32", "cpu": "arm64" }, "sha512-Z0gOTd75VvXqyq7nsl93zwahcTROgqvuAcYDUr+vOv8uHhNSKROyU961kgtCD1e95IqPKSQKH7tBTslnS3tA8A=="],

    "@esbuild/win32-ia32": ["@esbuild/win32-ia32@0.21.5", "", { "os": "win32", "cpu": "ia32" }, "sha512-SWXFF1CL2RVNMaVs+BBClwtfZSvDgtL//G/smwAc5oVK/UPu2Gu9tIaRgFmYFFKrmg3SyAjSrElf0TiJ1v8fYA=="],

    "@esbuild/win32-x64": ["@esbuild/win32-x64@0.21.5", "", { "os": "win32", "cpu": "x64" }, "sha512-tQd/1efJuzPC6rCFwEvLtci/xNFcTZknmXs98FYDfGE4wP9ClFV98nyKrzJKVPMhdDnjzLhdUyMX4PsQAPjwIw=="],

    "@napi-rs/lzma-linux-x64-gnu": ["@napi-rs/lzma-linux-x64-gnu@1.5.1", "", { "os": "linux", "cpu": "x64" }, "sha512-oTXEIha4SsuXdTA4Iyskj0kpdx2yVXdhd75c2v3xGrHFfVMsbhTPZU/nMPL4sWKo4pBHm3aucLaqGlF696dTyQ=="],

    "@rollup/rollup-android-arm-eabi": ["@rollup/rollup-android-arm-eabi@4.64.2", "", { "os": "android", "cpu": "arm" }, "sha512-gjNDUwMswogkw3fNqV00u54uZlgmInuw5EU/1TeqQ6K0bEagoGvqjPdKzy112lKyhe7PkGudZ/kSQHsc9qroIg=="],

    "@rollup/rollup-android-arm64": ["@rollup/rollup-android-arm64@4.64.2", "", { "os": "android", "cpu": "arm64" }, "sha512-YkAW8q7p5SCLSaGWaUkmsRnBEb3MGA1pB5nI/8k0lAK5fZsQKRBqkdR1h4UU9p8u3c7ZGdUF2Zcx7mK+E/pUKg=="],

    "@rollup/rollup-darwin-arm64": ["@rollup/rollup-darwin-arm64@4.64.2", "", { "os": "darwin", "cpu": "arm64" }, "sha512-hNmuIHv+LnrP/+q/44vsmIMWfoh7X2YXOp5FLtjGuvqN52VdtFpOpnshTc1k28tWv1wE/0D5gLjsozBUowEGbQ=="],

    "@rollup/rollup-darwin-x64": ["@rollup/rollup-darwin-x64@4.64.2", "", { "os": "darwin", "cpu": "x64" }, "sha512-B0t5CoxgF2KL7R5FHAsyN8yVEQCSIkh4XVs8MCDjuBLNjEa8l3zd5tVKaFMv53LfUtHs9p2rnqeavPTOunV+Ww=="],

    "@rollup/rollup-freebsd-arm64": ["@rollup/rollup-freebsd-arm64@4.64.2", "", { "os": "freebsd", "cpu": "arm64" }, "sha512-QQdYnfwrPmc1DoPlddjFvQPzUHFbStKXsHrG6EBYsWHhBVUCjsCRdcfGGXGAvhDpDtTzKK4vy1UrGFJ45rQaiw=="],

    "@rollup/rollup-freebsd-x64": ["@rollup/rollup-freebsd-x64@4.64.2", "", { "os": "freebsd", "cpu": "x64" }, "sha512-1xRxtGWif6BB58VSfMavi0Yfs2M4x6CtRp4o7ScY4W7AGlgvf6GSPKdDNdw7TX3tMiQwZY5W/mvyrOJTq/7AKA=="],

    "@rollup/rollup-linux-arm-gnueabihf": ["@rollup/rollup-linux-arm-gnueabihf@4.64.2", "", { "os": "linux", "cpu": "arm" }, "sha512-CXFLEt384BUwwOLR9DURWNHl1bQOVLd1ibOee+yKBJm/fZtvrSAOZ0JbxjAxszVMIovYMwFMS+oP+Q1aPcx8Eg=="],

    "@rollup/rollup-linux-arm-musleabihf": ["@rollup/rollup-linux-arm-musleabihf@4.64.2", "", { "os": "linux", "cpu": "arm" }, "sha512-T1dorY0WHm5mMNpMHFl5rYRZ02gLSZcr6J45r66tYb3S3R3DyIRGiGWVdLtF+zOQjratNJaObl9jYumueRiL1A=="],

    "@rollup/rollup-linux-arm64-gnu": ["@rollup/rollup-linux-arm64-gnu@4.64.2", "", { "os": "linux", "cpu": "arm64" }, "sha512-ia6bfaCIc0ldp6bvs9oEkFrJVJKNUMoiDF0+LBZsQAZg+vE0znXnzGqH+ew/FYswE30cruAWPTO3dPw7keaVkQ=="],

    "@rollup/rollup-linux-arm64-musl": ["@rollup/rollup-linux-arm64-musl@4.64.2", "", { "os": "linux", "cpu": "arm64" }, "sha512-mB/gwfBfXtT0EBpbSssqKCqMFuX8b21Zy2TGoIhehSJEssZ5ksybxymwp1BkEM5Nczh/AAxpmh5q+MkhtundGg=="],

    "@rollup/rollup-linux-loong64-gnu": ["@rollup/rollup-linux-loong64-gnu@4.64.2", "", { "os": "linux", "cpu": "none" }, "sha512-VPd0a+XlHoNRI9jIPRHww2UKhDkD6XjbtcKYXZijAnhJS1jLLbiNtVl6a5LyEfNN+eyiyWcJOZXPzBo69oTsew=="],

    "@rollup/rollup-linux-loong64-musl": ["@rollup/rollup-linux-loong64-musl@4.64.2", "", { "os": "linux", "cpu": "none" }, "sha512-10N1I6oBpERqzGtHKcCLrEpHlbXSBbMK9TURHvqgWbIFZuU3oJROxJ0H2nHfq96TVI0XJHQ9qzolJMFd2tz0LA=="],

    "@rollup/rollup-linux-ppc64-gnu": ["@rollup/rollup-linux-ppc64-gnu@4.64.2", "", { "os": "linux", "cpu": "ppc64" }, "sha512-dhJrLVZ3wNNhwCmy9/VTg6Pq6J8a8eZ0n15dVRlbSWcDb+8V/1mDfbnvis+vt8W6Pbxzv6gUbTEl4piOT3bbUQ=="],

    "@rollup/rollup-linux-ppc64-musl": ["@rollup/rollup-linux-ppc64-musl@4.64.2", "", { "os": "linux", "cpu": "ppc64" }, "sha512-tPd2QuwxkTxgju5eARyb3RdgBWWi/O9dn/NFH0VkvGbLzoQeXrH6qMABtW8IODb5lUeBzB3sy2U7qmI4MtQ72g=="],

    "@rollup/rollup-linux-riscv64-gnu": ["@rollup/rollup-linux-riscv64-gnu@4.64.2", "", { "os": "linux", "cpu": "none" }, "sha512-njtDdPvSQWI9CDhIPPxsiEMeHayCfu7wwcbSQ7c2kYPhGVviL+WGVhq6Jfj/b+VuhSTkFuQ0z4ZFbFjkWwBFmg=="],

    "@rollup/rollup-linux-riscv64-musl": ["@rollup/rollup-linux-riscv64-musl@4.64.2", "", { "os": "linux", "cpu": "none" }, "sha512-EbOBo3dqCj9ecEV9Z7zvulB6AieMP2ztnKQYGVOSN0pzIyOu+3JH2YJZnLmbPeVvfn6yP6Qi7NbBM27EzGbj2w=="],

    "@rollup/rollup-linux-s390x-gnu": ["@rollup/rollup-linux-s390x-gnu@4.64.2", "", { "os": "linux", "cpu": "s390x" }, "sha512-8wLt2Q5n4qmfiE2Gk8V6KNLSf+oJuBX7Kdw5joFDtnZIZvirS0hLzBc79OiJjV71oYDmBUZLNy6pDgvylo4qiQ=="],

    "@rollup/rollup-linux-x64-gnu": ["@rollup/rollup-linux-x64-gnu@4.64.2", "", { "os": "linux", "cpu": "x64" }, "sha512-aIChbkhC4d33bxkVP0LSi2/2lUSGRXE6k4Qa0G7tgpgTOK7kxHTixmx5qC3SKUJ6yUMznHBtQoWaG4QMqLUnhw=="],

    "@rollup/rollup-linux-x64-musl": ["@rollup/rollup-linux-x64-musl@4.64.2", "", { "os": "linux", "cpu": "x64" }, "sha512-gQ+TkVZRfjZVcl/UOAxxfWw+sHjzIXoieNwxEyJlD3tRBmBhR8ZDq11w+QEgQDcpslEB+fhN/OEpaTsDoIIHhQ=="],

    "@rollup/rollup-openbsd-x64": ["@rollup/rollup-openbsd-x64@4.64.2", "", { "os": "openbsd", "cpu": "x64" }, "sha512-sUaJpMKS2JBCvUk8fYimG7aMq2jHVT4kw/uVHxPolKLrMmkKy0KXirmZyZehdNpL7PffqAlPAWUELQcTiD8ChA=="],

    "@rollup/rollup-openharmony-arm64": ["@rollup/rollup-openharmony-arm64@4.64.2", "", { "os": "none", "cpu": "arm64" }, "sha512-j1RdJWb0CrlSuwt12OPjLucPlwfLtA/KMOKVvh5rXSJEtl/WDoIGR3CSykK/jLGTo9RqNfW5Ub6kY5Z5ccYl9w=="],

    "@rollup/rollup-win32-arm64-msvc": ["@rollup/rollup-win32-arm64-msvc@4.64.2", "", { "os": "win32", "cpu": "arm64" }, "sha512-i3r04aHCIY3eggTBLUp/4IxiBjDpAgQaK89Ue2nMJ2MKuIXX5JfoeZjHw+kPjGGNVDlhi8FT8xzuGMJZe3aehg=="],

    "@rollup/rollup-win32-ia32-msvc": ["@rollup/rollup-win32-ia32-msvc@4.64.2", "", { "os": "win32", "cpu": "ia32" }, "sha512-kCQ15h/uwNMGdN8gjXBZGf+aGE+ODzHfbi90/cAm4+Q89WoMiLODNoj8HoGZmYx87HPxfu5CBNPsZ+ZG4uIAoA=="],

    "@rollup/rollup-win32-x64-gnu": ["@rollup/rollup-win32-x64-gnu@4.64.2", "", { "os": "win32", "cpu": "x64" }, "sha512-yYAuySSs+0X2gSMJPw/Q4jHsHZHyMq1dpAE+XnN790Jg1WuReUAD/+j+e4vuDvS4PXJ4PA4NCzTR4OYtDf18/g=="],

    "@rollup/rollup-win32-x64-msvc": ["@rollup/rollup-win32-x64-msvc@4.64.2", "", { "os": "win32", "cpu": "x64" }, "sha512-JY1rQdWOJrKutORqKO1uzrHXV86jFiQzfLFKx2s8S1CjLXL9fC5LOIvk0q7Z7PXJvsByt+sdoE1Q2a9gBr4gLQ=="],

    "@types/d3-hierarchy": ["@types/d3-hierarchy@3.1.7", "", {}, "sha512-tJFtNoYBtRtkNysX1Xq4sxtjK8YgoWUNpIiUee0/jHGRwqvzYxkq0hGVbbOGSz+JgFxxRu4K8nb3YpG3CMARtg=="],

    "@types/d3-scale": ["@types/d3-scale@4.0.9", "", { "dependencies": { "@types/d3-time": "*" } }, "sha512-dLmtwB8zkAeO/juAMfnV+sItKjlsw2lKdZVVy6LRr0cBmegxSABiLEpGVmSJJ8O08i4+sGR6qQtb6WtuwJdvVw=="],

    "@types/d3-scale-chromatic": ["@types/d3-scale-chromatic@3.1.0", "", {}, "sha512-iWMJgwkK7yTRmWqRB5plb1kadXyQ5Sj8V/zYlFGMUBbIPKQScw+Dku9cAAMgJG+z5GYDoMjWGLVOvjghDEFnKQ=="],

    "@types/d3-time": ["@types/d3-time@3.0.4", "", {}, "sha512-yuzZug1nkAAaBlBBikKZTgzCeA+k1uy4ZFwWANOfKw5z5LRhV0gNA7gNkKm7HoK+HRN0wX3EkxGk0fpbWhmB7g=="],

    "@types/estree": ["@types/estree@1.0.9", "", {}, "sha512-GhdPgy1el4/ImP05X05Uw4cw2/M93BCUmnEvWZNStlCzEKME4Fkk+YpoA5OiHNQmoS7Cafb8Xa3Pya8m1Qrzeg=="],

    "@types/node": ["@types/node@20.19.43", "", { "dependencies": { "undici-types": "~6.21.0" } }, "sha512-6oYBAi5ikg4Pl+kGsoYtawUMBT2zZMCvPNF7pVLnHZfd1zf38DRiWn/gT01RYCdUqkv7Fhr+C9ot4/tb+2sVvA=="],

    "cose-base": ["cose-base@2.2.0", "", { "dependencies": { "layout-base": "^2.0.0" } }, "sha512-AzlgcsCbUMymkADOJtQm3wO9S3ltPfYOFD5033keQn9NJzIbtnZj+UdBJe7DYml/8TdbtHJW3j58SOnKhWY/5g=="],

    "cytoscape": ["cytoscape@3.34.3", "", {}, "sha512-yfYGhRcGAntq6YBD583j4n0Eg3jIxvWmZtz/5uz9UYkeIStSlMxuUja+ec5j3iBD8nv1rwaOAYMW09tBdkSeaQ=="],

    "cytoscape-fcose": ["cytoscape-fcose@2.2.0", "", { "dependencies": { "cose-base": "^2.2.0" }, "peerDependencies": { "cytoscape": "^3.2.0" } }, "sha512-ki1/VuRIHFCzxWNrsshHYPs6L7TvLu3DL+TyIGEsRcvVERmxokbf5Gdk7mFxZnTdiGtnA4cfSmjZJMviqSuZrQ=="],

    "d3-array": ["d3-array@3.2.4", "", { "dependencies": { "internmap": "1 - 2" } }, "sha512-tdQAmyA18i4J7wprpYq8ClcxZy3SC31QMeByyCFyRt7BVHdREQZ5lpzoe5mFEYZUWe+oq8HBvk9JjpibyEV4Jg=="],

    "d3-color": ["d3-color@3.1.0", "", {}, "sha512-zg/chbXyeBtMQ1LbD/WSoW2DpC3I0mpmPdW+ynRTj/x2DAWYrIY7qeZIHidozwV24m4iavr15lNwIwLxRmOxhA=="],

    "d3-format": ["d3-format@3.1.2", "", {}, "sha512-AJDdYOdnyRDV5b6ArilzCPPwc1ejkHcoyFarqlPqT7zRYjhavcT3uSrqcMvsgh2CgoPbK3RCwyHaVyxYcP2Arg=="],

    "d3-hierarchy": ["d3-hierarchy@3.1.2", "", {}, "sha512-FX/9frcub54beBdugHjDCdikxThEqjnR93Qt7PvQTOHxyiNCAlvMrHhclk3cD5VeAaq9fxmfRp+CnWw9rEMBuA=="],

    "d3-interpolate": ["d3-interpolate@3.0.1", "", { "dependencies": { "d3-color": "1 - 3" } }, "sha512-3bYs1rOD33uo8aqJfKP3JWPAibgw8Zm2+L9vBKEHJ2Rg+viTR7o5Mmv5mZcieN+FRYaAOWX5SJATX6k1PWz72g=="],

    "d3-scale": ["d3-scale@4.0.2", "", { "dependencies": { "d3-array": "2.10.0 - 3", "d3-format": "1 - 3", "d3-interpolate": "1.2.0 - 3", "d3-time": "2.1.1 - 3", "d3-time-format": "2 - 4" } }, "sha512-GZW464g1SH7ag3Y7hXjf8RoUuAFIqklOAq3MRl4OaWabTFJY9PN/E1YklhXLh+OQ3fM9yS2nOkCoS+WLZ6kvxQ=="],

    "d3-scale-chromatic": ["d3-scale-chromatic@3.1.0", "", { "dependencies": { "d3-color": "1 - 3", "d3-interpolate": "1 - 3" } }, "sha512-A3s5PWiZ9YCXFye1o246KoscMWqf8BsD9eRiJ3He7C9OBaxKhAd5TFCdEx/7VbKtxxTsu//1mMJFrEt572cEyQ=="],

    "d3-time": ["d3-time@3.1.0", "", { "dependencies": { "d3-array": "2 - 3" } }, "sha512-VqKjzBLejbSMT4IgbmVgDjpkYrNWUYJnbCGo874u7MMKIWsILRX+OpX/gTk8MqjpT1A/c6HY2dCA77ZN0lkQ2Q=="],

    "d3-time-format": ["d3-time-format@4.1.0", "", { "dependencies": { "d3-time": "1 - 3" } }, "sha512-dJxPBlzC7NugB2PDLwo9Q8JiTR3M3e4/XANkreKSUxF8vvXKqm1Yfq4Q5dl8budlunRVlUUaDUgFt7eA8D6NLg=="],

    "esbuild": ["esbuild@0.21.5", "", { "optionalDependencies": { "@esbuild/aix-ppc64": "0.21.5", "@esbuild/android-arm": "0.21.5", "@esbuild/android-arm64": "0.21.5", "@esbuild/android-x64": "0.21.5", "@esbuild/darwin-arm64": "0.21.5", "@esbuild/darwin-x64": "0.21.5", "@esbuild/freebsd-arm64": "0.21.5", "@esbuild/freebsd-x64": "0.21.5", "@esbuild/linux-arm": "0.21.5", "@esbuild/linux-arm64": "0.21.5", "@esbuild/linux-ia32": "0.21.5", "@esbuild/linux-loong64": "0.21.5", "@esbuild/linux-mips64el": "0.21.5", "@esbuild/linux-ppc64": "0.21.5", "@esbuild/linux-riscv64": "0.21.5", "@esbuild/linux-s390x": "0.21.5", "@esbuild/linux-x64": "0.21.5", "@esbuild/netbsd-x64": "0.21.5", "@esbuild/openbsd-x64": "0.21.5", "@esbuild/sunos-x64": "0.21.5", "@esbuild/win32-arm64": "0.21.5", "@esbuild/win32-ia32": "0.21.5", "@esbuild/win32-x64": "0.21.5" }, "bin": { "esbuild": "bin/esbuild" } }, "sha512-mg3OPMV4hXywwpoDxu3Qda5xCKQi+vCTZq8S9J/EpkhB2HzKXq4SNFZE3+NK93JYxc8VMSep+lOUSC/RVKaBqw=="],

    "fsevents": ["fsevents@2.3.3", "", { "os": "darwin" }, "sha512-5xoDfX+fL7faATnagmWPpbFtwh/R77WmMMqqHGS65C3vvB0YHrgF+B1YmZ3441tMj5n63k0212XNoJwzlhffQw=="],

    "internmap": ["internmap@2.0.3", "", {}, "sha512-5Hh7Y1wQbvY5ooGgPbDaL5iYLAPzMTUrjMulskHLH6wnv/A+1q5rgEaiuqEjB+oxGXIVZs1FF+R/KPN3ZSQYYg=="],

    "layout-base": ["layout-base@2.0.1", "", {}, "sha512-dp3s92+uNI1hWIpPGH3jK2kxE2lMjdXdr+DH8ynZHpd6PUlH6x6cbuXnoMmiNumznqaNO31xu9e79F0uuZ0JFg=="],

    "nanoid": ["nanoid@3.3.20", "", { "bin": { "nanoid": "bin/nanoid.cjs" } }, "sha512-uKdg2G3GNCKQn9byYOpxbGqrT2fGO5KRt5J/8b3pok8rT6qxGWF6hxMyJiEYtAf+FVyYuD9hRaDqX5uPFYJ4ZQ=="],

    "picocolors": ["picocolors@1.1.1", "", {}, "sha512-xceH2snhtb5M9liqDsmEw56le376mTZkEX/jEb/RxNFyegNul7eNslCXP9FDj/Lcu0X8KEyMceP2ntpaHrDEVA=="],

    "playwright": ["playwright@1.63.0", "", { "dependencies": { "playwright-core": "1.63.0" }, "bin": { "playwright": "cli.js" } }, "sha512-+7ziBLidS4NaNCdt57SUDT+wYmmd5fmiQejUic/kb+YsYSCPyOOE9sebzMjNmQrsnNpDJqd4WHvV/8lfKfUDUg=="],

    "playwright-core": ["playwright-core@1.63.0", "", { "bin": { "playwright-core": "cli.js" } }, "sha512-rYCsBF/M5HjUch52bbtVONEFjv6Xu8sm8h72dNlR5bzIE1fvC/bxgspzkjSfU+MweEMmPM8KJebG6nnyxo5mCg=="],

    "postcss": ["postcss@8.5.29", "", { "dependencies": { "nanoid": "^3.3.19", "picocolors": "^1.1.1", "source-map-js": "^1.2.2" } }, "sha512-49cGhUbXj8Qenv0iTMxA1cFBzxXoctpC9Ujd77t1WcbJIr6nF/eI7g/8MgxrYldFRuAXvja7xQRwavoW7kgrxQ=="],

    "rollup": ["rollup@4.64.2", "", { "dependencies": { "@types/estree": "1.0.9" }, "optionalDependencies": { "@napi-rs/lzma-linux-x64-gnu": "1.5.1", "@rollup/rollup-android-arm-eabi": "4.64.2", "@rollup/rollup-android-arm64": "4.64.2", "@rollup/rollup-darwin-arm64": "4.64.2", "@rollup/rollup-darwin-x64": "4.64.2", "@rollup/rollup-freebsd-arm64": "4.64.2", "@rollup/rollup-freebsd-x64": "4.64.2", "@rollup/rollup-linux-arm-gnueabihf": "4.64.2", "@rollup/rollup-linux-arm-musleabihf": "4.64.2", "@rollup/rollup-linux-arm64-gnu": "4.64.2", "@rollup/rollup-linux-arm64-musl": "4.64.2", "@rollup/rollup-linux-loong64-gnu": "4.64.2", "@rollup/rollup-linux-loong64-musl": "4.64.2", "@rollup/rollup-linux-ppc64-gnu": "4.64.2", "@rollup/rollup-linux-ppc64-musl": "4.64.2", "@rollup/rollup-linux-riscv64-gnu": "4.64.2", "@rollup/rollup-linux-riscv64-musl": "4.64.2", "@rollup/rollup-linux-s390x-gnu": "4.64.2", "@rollup/rollup-linux-x64-gnu": "4.64.2", "@rollup/rollup-linux-x64-musl": "4.64.2", "@rollup/rollup-openbsd-x64": "4.64.2", "@rollup/rollup-openharmony-arm64": "4.64.2", "@rollup/rollup-win32-arm64-msvc": "4.64.2", "@rollup/rollup-win32-ia32-msvc": "4.64.2", "@rollup/rollup-win32-x64-gnu": "4.64.2", "@rollup/rollup-win32-x64-msvc": "4.64.2", "fsevents": "~2.3.2" }, "bin": { "rollup": "dist/bin/rollup" } }, "sha512-RxXm0XVVV1hFI3dYe12ruaOgsYQ725lUcUWeMSQqkF9tTxVErY+fy2Ets6vWhItL9MZMSNZGbvZFc7rH/VHp2Q=="],

    "source-map-js": ["source-map-js@1.2.2", "", {}, "sha512-KGj/8Y43x35aZVDtt+J4mK1hoLGHULMYfSkODJNQjNDC3oW1PqPoxMwo0pLUsWM/UEGzON/NxeHywEfNXNP3Vw=="],

    "tree-sitter-wasms": ["tree-sitter-wasms@0.1.13", "", { "dependencies": { "tree-sitter-wasms": "^0.1.11" } }, "sha512-wT+cR6DwaIz80/vho3AvSF0N4txuNx/5bcRKoXouOfClpxh/qqrF4URNLQXbbt8MaAxeksZcZd1j8gcGjc+QxQ=="],

    "typescript": ["typescript@5.9.3", "", { "bin": { "tsc": "bin/tsc", "tsserver": "bin/tsserver" } }, "sha512-jl1vZzPDinLr9eUt3J/t7V6FgNEw9QjvBPdysz9KfQDD41fQrC2Y4vKQdiaUpFT4bXlb1RHhLpp8wtm6M5TgSw=="],

    "undici-types": ["undici-types@6.21.0", "", {}, "sha512-iwDZqg0QAGrg9Rav5H4n0M64c3mkR59cJ6wQp+7C4nI0gsmExaedaYLNO44eT4AtBBwjbTiGPMlt2Md0T9H9JQ=="],

    "vite": ["vite@5.4.21", "", { "dependencies": { "esbuild": "^0.21.3", "postcss": "^8.4.43", "rollup": "^4.20.0" }, "optionalDependencies": { "fsevents": "~2.3.3" }, "peerDependencies": { "@types/node": "^18.0.0 || >=20.0.0", "less": "*", "lightningcss": "^1.21.0", "sass": "*", "sass-embedded": "*", "stylus": "*", "sugarss": "*", "terser": "^5.4.0" }, "optionalPeers": ["@types/node", "less", "lightningcss", "sass", "sass-embedded", "stylus", "sugarss", "terser"], "bin": { "vite": "bin/vite.js" } }, "sha512-o5a9xKjbtuhY6Bi5S3+HvbRERmouabWbyUcpXXUA1u+GNUKoROi9byOJ8M0nHbHYHkYICiMlqxkg1KkYmm25Sw=="],

    "web-tree-sitter": ["web-tree-sitter@0.24.7", "", {}, "sha512-CdC/TqVFbXqR+C51v38hv6wOPatKEUGxa39scAeFSm98wIhZxAYonhRQPSMmfZ2w7JDI0zQDdzdmgtNk06/krQ=="],
  }
}
